
Microsoft Visual Studio Solution File, Format Version 12.00
# Visual Studio 15
VisualStudioVersion = 15.0.28010.2046
MinimumVisualStudioVersion = 10.0.40219.1
Project("{8BC9CEB8-8B4A-11D0-8D11-00A0C91BC942}") = "tween", "tween\tween.vcxproj", "{16DBB252-C6AF-4AA9-A0B9-DEE264E7C9AC}"
EndProject
Global
	GlobalSection(SolutionConfigurationPlatforms) = preSolution
		Debug|x64 = Debug|x64
		Debug|x86 = Debug|x86
		Release|x64 = Release|x64
		Release|x86 = Release|x86
	EndGlobalSection
	GlobalSection(ProjectConfigurationPlatforms) = postSolution
		{16DBB252-C6AF-4AA9-A0B9-DEE264E7C9AC}.Debug|x64.ActiveCfg = Debug|x64
		{16DBB252-C6AF-4AA9-A0B9-DEE264E7C9AC}.Debug|x64.Build.0 = Debug|x64
		{16DBB252-C6AF-4AA9-A0B9-DEE264E7C9AC}.Debug|x86.ActiveCfg = Debug|Win32
		{16DBB252-C6AF-4AA9-A0B9-DEE264E7C9AC}.Debug|x86.Build.0 = Debug|Win32
		{16DBB252-C6AF-4AA9-A0B9-DEE264E7C9AC}.Release|x64.ActiveCfg = Release|x64
		{16DBB252-C6AF-4AA9-A0B9-DEE264E7C9AC}.Release|x64.Build.0 = Release|x64
		{16DBB252-C6AF-4AA9-A0B9-DEE264E7C9AC}.Release|x86.ActiveCfg = Release|Win32
		{16DBB252-C6AF-4AA9-A0B9-DEE264E7C9AC}.Release|x86.Build.0 = Release|Win32
	EndGlobalSection
	GlobalSection(SolutionProperties) = preSolution
		HideSolutionNode = FALSE
	EndGlobalSection
	GlobalSection(ExtensibilityGlobals) = postSolution
		SolutionGuid = {ACBDE017-B59A-41F6-B8C4-BAC3DED711FF}
	EndGlobalSection
EndGlobal
